
Microsoft Visual Studio Solution File, Format Version 12.00
# Visual Studio 15
VisualStudioVersion = 15.0.27703.2047
MinimumVisualStudioVersion = 10.0.40219.1
Project("{FAE04EC0-301F-11D3-BF4B-00C04F79EFBC}") = "Tornado.Client.UI", "Tornado.Client.UI\Tornado.Client.UI.csproj", "{CD5C6867-B5A3-4B34-9AD6-8463A38C811D}"
EndProject
Global
	GlobalSection(SolutionConfigurationPlatforms) = preSolution
		Debug|Any CPU = Debug|Any CPU
		Release|Any CPU = Release|Any CPU
	EndGlobalSection
	GlobalSection(ProjectConfigurationPlatforms) = postSolution
		{CD5C6867-B5A3-4B34-9AD6-8463A38C811D}.Debug|Any CPU.ActiveCfg = Debug|Any CPU
		{CD5C6867-B5A3-4B34-9AD6-8463A38C811D}.Debug|Any CPU.Build.0 = Debug|Any CPU
		{CD5C6867-B5A3-4B34-9AD6-8463A38C811D}.Release|Any CPU.ActiveCfg = Release|Any CPU
		{CD5C6867-B5A3-4B34-9AD6-8463A38C811D}.Release|Any CPU.Build.0 = Release|Any CPU
	EndGlobalSection
	GlobalSection(SolutionProperties) = preSolution
		HideSolutionNode = FALSE
	EndGlobalSection
	GlobalSection(ExtensibilityGlobals) = postSolution
		SolutionGuid = {405AB1E5-ED30-4D36-9CBA-49FA119DEC31}
	EndGlobalSection
EndGlobal
